PODS:
  - CICD (0.1.0)
  - SwiftLint (0.43.0)

DEPENDENCIES:
  - CICD (from `../`)
  - SwiftLint

SPEC REPOS:
  trunk:
    - SwiftLint

EXTERNAL SOURCES:
  CICD:
    :path: "../"

SPEC CHECKSUMS:
  CICD: 998d1c22cc4860a95163ea93a2bec0a396fae9ed
  SwiftLint: 0c645fdc6feed3e390c1701ab3cc669f88b42752

PODFILE CHECKSUM: dbebc85ce70427e779d0a1ca51b9048640416802

COCOAPODS: 1.10.0
