// !$*UTF8*$!
{
	archiveVersion = 1;
	classes = {
	};
	objectVersion = 50;
	objects = {

/* Begin PBXBuildFile section */
		5A3500810FE6F1D7505AC674 /* Pods_iOSCICD.framework in Frameworks */ = {isa = PBXBuildFile; fileRef = C96A99525509597F1706A955 /* Pods_iOSCICD.framework */; };
		D6516AFC2624472B0048B6BB /* iOSCICDUITests.swift in Sources */ = {isa = PBXBuildFile; fileRef = D6516AFB2624472B0048B6BB /* iOSCICDUITests.swift */; };
		D6516B0A262447390048B6BB /* iOSCICDTests.swift in Sources */ = {isa = PBXBuildFile; fileRef = D6516B09262447390048B6BB /* iOSCICDTests.swift */; };
		D6B0A788261DB8A500738CAD /* AppDelegate.swift in Sources */ = {isa = PBXBuildFile; fileRef = D6B0A787261DB8A500738CAD /* AppDelegate.swift */; };
		D6B0A78A261DB8A500738CAD /* SceneDelegate.swift in Sources */ = {isa = PBXBuildFile; fileRef = D6B0A789261DB8A500738CAD /* SceneDelegate.swift */; };
		D6B0A78C261DB8A500738CAD /* ViewController.swift in Sources */ = {isa = PBXBuildFile; fileRef = D6B0A78B261DB8A500738CAD /* ViewController.swift */; };
		D6B0A78F261DB8A500738CAD /* Main.storyboard in Resources */ = {isa = PBXBuildFile; fileRef = D6B0A78D261DB8A500738CAD /* Main.storyboard */; };
		D6B0A791261DB8A600738CAD /* Assets.xcassets in Resources */ = {isa = PBXBuildFile; fileRef = D6B0A790261DB8A600738CAD /* Assets.xcassets */; };
		D6B0A794261DB8A600738CAD /* LaunchScreen.storyboard in Resources */ = {isa = PBXBuildFile; fileRef = D6B0A792261DB8A600738CAD /* LaunchScreen.storyboard */; };
/* End PBXBuildFile section */

/* Begin PBXContainerItemProxy section */
		D6516AFE2624472B0048B6BB /* PBXContainerItemProxy */ = {
			isa = PBXContainerItemProxy;
			containerPortal = D6B0A77C261DB8A500738CAD /* Project object */;
			proxyType = 1;
			remoteGlobalIDString = D6B0A783261DB8A500738CAD;
			remoteInfo = iOSCICD;
		};
		D6516B0C262447390048B6BB /* PBXContainerItemProxy */ = {
			isa = PBXContainerItemProxy;
			containerPortal = D6B0A77C261DB8A500738CAD /* Project object */;
			proxyType = 1;
			remoteGlobalIDString = D6B0A783261DB8A500738CAD;
			remoteInfo = iOSCICD;
		};
/* End PBXContainerItemProxy section */

/* Begin PBXFileReference section */
		918A52EF39DF7804C4C72CFE /* Pods-iOSCICD.release.xcconfig */ = {isa = PBXFileReference; includeInIndex = 1; lastKnownFileType = text.xcconfig; name = "Pods-iOSCICD.release.xcconfig"; path = "Target Support Files/Pods-iOSCICD/Pods-iOSCICD.release.xcconfig"; sourceTree = "<group>"; };
		B4FEA592A575383263B2041A /* Pods-iOSCICD.debug.xcconfig */ = {isa = PBXFileReference; includeInIndex = 1; lastKnownFileType = text.xcconfig; name = "Pods-iOSCICD.debug.xcconfig"; path = "Target Support Files/Pods-iOSCICD/Pods-iOSCICD.debug.xcconfig"; sourceTree = "<group>"; };
		C96A99525509597F1706A955 /* Pods_iOSCICD.framework */ = {isa = PBXFileReference; explicitFileType = wrapper.framework; includeInIndex = 0; path = Pods_iOSCICD.framework; sourceTree = BUILT_PRODUCTS_DIR; };
		D6516AF92624472B0048B6BB /* iOSCICDUITests.xctest */ = {isa = PBXFileReference; explicitFileType = wrapper.cfbundle; includeInIndex = 0; path = iOSCICDUITests.xctest; sourceTree = BUILT_PRODUCTS_DIR; };
		D6516AFB2624472B0048B6BB /* iOSCICDUITests.swift */ = {isa = PBXFileReference; lastKnownFileType = sourcecode.swift; path = iOSCICDUITests.swift; sourceTree = "<group>"; };
		D6516AFD2624472B0048B6BB /* Info.plist */ = {isa = PBXFileReference; lastKnownFileType = text.plist.xml; path = Info.plist; sourceTree = "<group>"; };
		D6516B07262447390048B6BB /* iOSCICDTests.xctest */ = {isa = PBXFileReference; explicitFileType = wrapper.cfbundle; includeInIndex = 0; path = iOSCICDTests.xctest; sourceTree = BUILT_PRODUCTS_DIR; };
		D6516B09262447390048B6BB /* iOSCICDTests.swift */ = {isa = PBXFileReference; lastKnownFileType = sourcecode.swift; path = iOSCICDTests.swift; sourceTree = "<group>"; };
		D6516B0B262447390048B6BB /* Info.plist */ = {isa = PBXFileReference; lastKnownFileType = text.plist.xml; path = Info.plist; sourceTree = "<group>"; };
		D6B0A784261DB8A500738CAD /* iOSCICD.app */ = {isa = PBXFileReference; explicitFileType = wrapper.application; includeInIndex = 0; path = iOSCICD.app; sourceTree = BUILT_PRODUCTS_DIR; };
		D6B0A787261DB8A500738CAD /* AppDelegate.swift */ = {isa = PBXFileReference; lastKnownFileType = sourcecode.swift; path = AppDelegate.swift; sourceTree = "<group>"; };
		D6B0A789261DB8A500738CAD /* SceneDelegate.swift */ = {isa = PBXFileReference; lastKnownFileType = sourcecode.swift; path = SceneDelegate.swift; sourceTree = "<group>"; };
		D6B0A78B261DB8A500738CAD /* ViewController.swift */ = {isa = PBXFileReference; lastKnownFileType = sourcecode.swift; path = ViewController.swift; sourceTree = "<group>"; };
		D6B0A78E261DB8A500738CAD /* Base */ = {isa = PBXFileReference; lastKnownFileType = file.storyboard; name = Base; path = Base.lproj/Main.storyboard; sourceTree = "<group>"; };
		D6B0A790261DB8A600738CAD /* Assets.xcassets */ = {isa = PBXFileReference; lastKnownFileType = folder.assetcatalog; path = Assets.xcassets; sourceTree = "<group>"; };
		D6B0A793261DB8A600738CAD /* Base */ = {isa = PBXFileReference; lastKnownFileType = file.storyboard; name = Base; path = Base.lproj/LaunchScreen.storyboard; sourceTree = "<group>"; };
		D6B0A795261DB8A600738CAD /* Info.plist */ = {isa = PBXFileReference; lastKnownFileType = text.plist.xml; path = Info.plist; sourceTree = "<group>"; };
/* End PBXFileReference section */

/* Begin PBXFrameworksBuildPhase section */
		D6516AF62624472B0048B6BB /* Frameworks */ = {
			isa = PBXFrameworksBuildPhase;
			buildActionMask = 2147483647;
			files = (
			);
			runOnlyForDeploymentPostprocessing = 0;
		};
		D6516B04262447390048B6BB /* Frameworks */ = {
			isa = PBXFrameworksBuildPhase;
			buildActionMask = 2147483647;
			files = (
			);
			runOnlyForDeploymentPostprocessing = 0;
		};
		D6B0A781261DB8A500738CAD /* Frameworks */ = {
			isa = PBXFrameworksBuildPhase;
			buildActionMask = 2147483647;
			files = (
				5A3500810FE6F1D7505AC674 /* Pods_iOSCICD.framework in Frameworks */,
			);
			runOnlyForDeploymentPostprocessing = 0;
		};
/* End PBXFrameworksBuildPhase section */

/* Begin PBXGroup section */
		46BE98DD1C5A14928884896D /* Pods */ = {
			isa = PBXGroup;
			children = (
				B4FEA592A575383263B2041A /* Pods-iOSCICD.debug.xcconfig */,
				918A52EF39DF7804C4C72CFE /* Pods-iOSCICD.release.xcconfig */,
			);
			path = Pods;
			sourceTree = "<group>";
		};
		9121FBF0F913F916F3E0F233 /* Frameworks */ = {
			isa = PBXGroup;
			children = (
				C96A99525509597F1706A955 /* Pods_iOSCICD.framework */,
			);
			name = Frameworks;
			sourceTree = "<group>";
		};
		D6516AFA2624472B0048B6BB /* iOSCICDUITests */ = {
			isa = PBXGroup;
			children = (
				D6516AFB2624472B0048B6BB /* iOSCICDUITests.swift */,
				D6516AFD2624472B0048B6BB /* Info.plist */,
			);
			path = iOSCICDUITests;
			sourceTree = "<group>";
		};
		D6516B08262447390048B6BB /* iOSCICDTests */ = {
			isa = PBXGroup;
			children = (
				D6516B09262447390048B6BB /* iOSCICDTests.swift */,
				D6516B0B262447390048B6BB /* Info.plist */,
			);
			path = iOSCICDTests;
			sourceTree = "<group>";
		};
		D6B0A77B261DB8A500738CAD = {
			isa = PBXGroup;
			children = (
				D6B0A786261DB8A500738CAD /* iOSCICD */,
				D6516AFA2624472B0048B6BB /* iOSCICDUITests */,
				D6516B08262447390048B6BB /* iOSCICDTests */,
				D6B0A785261DB8A500738CAD /* Products */,
				46BE98DD1C5A14928884896D /* Pods */,
				9121FBF0F913F916F3E0F233 /* Frameworks */,
			);
			sourceTree = "<group>";
		};
		D6B0A785261DB8A500738CAD /* Products */ = {
			isa = PBXGroup;
			children = (
				D6B0A784261DB8A500738CAD /* iOSCICD.app */,
				D6516AF92624472B0048B6BB /* iOSCICDUITests.xctest */,
				D6516B07262447390048B6BB /* iOSCICDTests.xctest */,
			);
			name = Products;
			sourceTree = "<group>";
		};
		D6B0A786261DB8A500738CAD /* iOSCICD */ = {
			isa = PBXGroup;
			children = (
				D6B0A787261DB8A500738CAD /* AppDelegate.swift */,
				D6B0A789261DB8A500738CAD /* SceneDelegate.swift */,
				D6B0A78B261DB8A500738CAD /* ViewController.swift */,
				D6B0A78D261DB8A500738CAD /* Main.storyboard */,
				D6B0A790261DB8A600738CAD /* Assets.xcassets */,
				D6B0A792261DB8A600738CAD /* LaunchScreen.storyboard */,
				D6B0A795261DB8A600738CAD /* Info.plist */,
			);
			path = iOSCICD;
			sourceTree = "<group>";
		};
/* End PBXGroup section */

/* Begin PBXNativeTarget section */
		D6516AF82624472B0048B6BB /* iOSCICDUITests */ = {
			isa = PBXNativeTarget;
			buildConfigurationList = D6516B022624472B0048B6BB /* Build configuration list for PBXNativeTarget "iOSCICDUITests" */;
			buildPhases = (
				D6516AF52624472B0048B6BB /* Sources */,
				D6516AF62624472B0048B6BB /* Frameworks */,
				D6516AF72624472B0048B6BB /* Resources */,
			);
			buildRules = (
			);
			dependencies = (
				D6516AFF2624472B0048B6BB /* PBXTargetDependency */,
			);
			name = iOSCICDUITests;
			productName = iOSCICDUITests;
			productReference = D6516AF92624472B0048B6BB /* iOSCICDUITests.xctest */;
			productType = "com.apple.product-type.bundle.ui-testing";
		};
		D6516B06262447390048B6BB /* iOSCICDTests */ = {
			isa = PBXNativeTarget;
			buildConfigurationList = D6516B0E262447390048B6BB /* Build configuration list for PBXNativeTarget "iOSCICDTests" */;
			buildPhases = (
				D6516B03262447390048B6BB /* Sources */,
				D6516B04262447390048B6BB /* Frameworks */,
				D6516B05262447390048B6BB /* Resources */,
			);
			buildRules = (
			);
			dependencies = (
				D6516B0D262447390048B6BB /* PBXTargetDependency */,
			);
			name = iOSCICDTests;
			productName = iOSCICDTests;
			productReference = D6516B07262447390048B6BB /* iOSCICDTests.xctest */;
			productType = "com.apple.product-type.bundle.unit-test";
		};
		D6B0A783261DB8A500738CAD /* iOSCICD */ = {
			isa = PBXNativeTarget;
			buildConfigurationList = D6B0A798261DB8A600738CAD /* Build configuration list for PBXNativeTarget "iOSCICD" */;
			buildPhases = (
				6CCF07B90D2BF63B1D6FFF1E /* [CP] Check Pods Manifest.lock */,
				D6B0A780261DB8A500738CAD /* Sources */,
				D6B0A781261DB8A500738CAD /* Frameworks */,
				D6B0A782261DB8A500738CAD /* Resources */,
			);
			buildRules = (
			);
			dependencies = (
			);
			name = iOSCICD;
			productName = iOSCICD;
			productReference = D6B0A784261DB8A500738CAD /* iOSCICD.app */;
			productType = "com.apple.product-type.application";
		};
/* End PBXNativeTarget section */

/* Begin PBXProject section */
		D6B0A77C261DB8A500738CAD /* Project object */ = {
			isa = PBXProject;
			attributes = {
				LastSwiftUpdateCheck = 1120;
				LastUpgradeCheck = 1120;
				ORGANIZATIONNAME = ToanHT;
				TargetAttributes = {
					D6516AF82624472B0048B6BB = {
						CreatedOnToolsVersion = 11.2.1;
						TestTargetID = D6B0A783261DB8A500738CAD;
					};
					D6516B06262447390048B6BB = {
						CreatedOnToolsVersion = 11.2.1;
						TestTargetID = D6B0A783261DB8A500738CAD;
					};
					D6B0A783261DB8A500738CAD = {
						CreatedOnToolsVersion = 11.2.1;
					};
				};
			};
			buildConfigurationList = D6B0A77F261DB8A500738CAD /* Build configuration list for PBXProject "iOSCICD" */;
			compatibilityVersion = "Xcode 9.3";
			developmentRegion = en;
			hasScannedForEncodings = 0;
			knownRegions = (
				en,
				Base,
			);
			mainGroup = D6B0A77B261DB8A500738CAD;
			productRefGroup = D6B0A785261DB8A500738CAD /* Products */;
			projectDirPath = "";
			projectRoot = "";
			targets = (
				D6B0A783261DB8A500738CAD /* iOSCICD */,
				D6516AF82624472B0048B6BB /* iOSCICDUITests */,
				D6516B06262447390048B6BB /* iOSCICDTests */,
			);
		};
/* End PBXProject section */

/* Begin PBXResourcesBuildPhase section */
		D6516AF72624472B0048B6BB /* Resources */ = {
			isa = PBXResourcesBuildPhase;
			buildActionMask = 2147483647;
			files = (
			);
			runOnlyForDeploymentPostprocessing = 0;
		};
		D6516B05262447390048B6BB /* Resources */ = {
			isa = PBXResourcesBuildPhase;
			buildActionMask = 2147483647;
			files = (
			);
			runOnlyForDeploymentPostprocessing = 0;
		};
		D6B0A782261DB8A500738CAD /* Resources */ = {
			isa = PBXResourcesBuildPhase;
			buildActionMask = 2147483647;
			files = (
				D6B0A794261DB8A600738CAD /* LaunchScreen.storyboard in Resources */,
				D6B0A791261DB8A600738CAD /* Assets.xcassets in Resources */,
				D6B0A78F261DB8A500738CAD /* Main.storyboard in Resources */,
			);
			runOnlyForDeploymentPostprocessing = 0;
		};
/* End PBXResourcesBuildPhase section */

/* Begin PBXShellScriptBuildPhase section */
		6CCF07B90D2BF63B1D6FFF1E /* [CP] Check Pods Manifest.lock */ = {
			isa = PBXShellScriptBuildPhase;
			buildActionMask = 2147483647;
			files = (
			);
			inputFileListPaths = (
			);
			inputPaths = (
				"${PODS_PODFILE_DIR_PATH}/Podfile.lock",
				"${PODS_ROOT}/Manifest.lock",
			);
			name = "[CP] Check Pods Manifest.lock";
			outputFileListPaths = (
			);
			outputPaths = (
				"$(DERIVED_FILE_DIR)/Pods-iOSCICD-checkManifestLockResult.txt",
			);
			runOnlyForDeploymentPostprocessing = 0;
			shellPath = /bin/sh;
			shellScript = "diff \"${PODS_PODFILE_DIR_PATH}/Podfile.lock\" \"${PODS_ROOT}/Manifest.lock\" > /dev/null\nif [ $? != 0 ] ; then\n    # print error to STDERR\n    echo \"error: The sandbox is not in sync with the Podfile.lock. Run 'pod install' or update your CocoaPods installation.\" >&2\n    exit 1\nfi\n# This output is used by Xcode 'outputs' to avoid re-running this script phase.\necho \"SUCCESS\" > \"${SCRIPT_OUTPUT_FILE_0}\"\n";
			showEnvVarsInLog = 0;
		};
/* End PBXShellScriptBuildPhase section */

/* Begin PBXSourcesBuildPhase section */
		D6516AF52624472B0048B6BB /* Sources */ = {
			isa = PBXSourcesBuildPhase;
			buildActionMask = 2147483647;
			files = (
				D6516AFC2624472B0048B6BB /* iOSCICDUITests.swift in Sources */,
			);
			runOnlyForDeploymentPostprocessing = 0;
		};
		D6516B03262447390048B6BB /* Sources */ = {
			isa = PBXSourcesBuildPhase;
			buildActionMask = 2147483647;
			files = (
				D6516B0A262447390048B6BB /* iOSCICDTests.swift in Sources */,
			);
			runOnlyForDeploymentPostprocessing = 0;
		};
		D6B0A780261DB8A500738CAD /* Sources */ = {
			isa = PBXSourcesBuildPhase;
			buildActionMask = 2147483647;
			files = (
				D6B0A78C261DB8A500738CAD /* ViewController.swift in Sources */,
				D6B0A788261DB8A500738CAD /* AppDelegate.swift in Sources */,
				D6B0A78A261DB8A500738CAD /* SceneDelegate.swift in Sources */,
			);
			runOnlyForDeploymentPostprocessing = 0;
		};
/* End PBXSourcesBuildPhase section */

/* Begin PBXTargetDependency section */
		D6516AFF2624472B0048B6BB /* PBXTargetDependency */ = {
			isa = PBXTargetDependency;
			target = D6B0A783261DB8A500738CAD /* iOSCICD */;
			targetProxy = D6516AFE2624472B0048B6BB /* PBXContainerItemProxy */;
		};
		D6516B0D262447390048B6BB /* PBXTargetDependency */ = {
			isa = PBXTargetDependency;
			target = D6B0A783261DB8A500738CAD /* iOSCICD */;
			targetProxy = D6516B0C262447390048B6BB /* PBXContainerItemProxy */;
		};
/* End PBXTargetDependency section */

/* Begin PBXVariantGroup section */
		D6B0A78D261DB8A500738CAD /* Main.storyboard */ = {
			isa = PBXVariantGroup;
			children = (
				D6B0A78E261DB8A500738CAD /* Base */,
			);
			name = Main.storyboard;
			sourceTree = "<group>";
		};
		D6B0A792261DB8A600738CAD /* LaunchScreen.storyboard */ = {
			isa = PBXVariantGroup;
			children = (
				D6B0A793261DB8A600738CAD /* Base */,
			);
			name = LaunchScreen.storyboard;
			sourceTree = "<group>";
		};
/* End PBXVariantGroup section */

/* Begin XCBuildConfiguration section */
		D6516B002624472B0048B6BB /* Debug */ = {
			isa = XCBuildConfiguration;
			buildSettings = {
				CODE_SIGN_IDENTITY = "iPhone Developer: Trung Pham (82VHC4VM4N)";
				CODE_SIGN_STYLE = Manual;
				DEVELOPMENT_TEAM = 4XB4SZ6RM3;
				INFOPLIST_FILE = iOSCICDUITests/Info.plist;
				IPHONEOS_DEPLOYMENT_TARGET = 11.0;
				LD_RUNPATH_SEARCH_PATHS = (
					"$(inherited)",
					"@executable_path/Frameworks",
					"@loader_path/Frameworks",
				);
				PRODUCT_BUNDLE_IDENTIFIER = com.azi.temporary;
				PRODUCT_NAME = "$(TARGET_NAME)";
				PROVISIONING_PROFILE_SPECIFIER = aziTemporary_dev_pro;
				SWIFT_VERSION = 5.0;
				TARGETED_DEVICE_FAMILY = "1,2";
				TEST_TARGET_NAME = iOSCICD;
			};
			name = Debug;
		};
		D6516B012624472B0048B6BB /* Release */ = {
			isa = XCBuildConfiguration;
			buildSettings = {
				CODE_SIGN_IDENTITY = "iPhone Distribution: HAPPY ALL SERVICES COMPANY LIMITED (4XB4SZ6RM3)";
				CODE_SIGN_STYLE = Manual;
				DEVELOPMENT_TEAM = 4XB4SZ6RM3;
				INFOPLIST_FILE = iOSCICDUITests/Info.plist;
				IPHONEOS_DEPLOYMENT_TARGET = 11.0;
				LD_RUNPATH_SEARCH_PATHS = (
					"$(inherited)",
					"@executable_path/Frameworks",
					"@loader_path/Frameworks",
				);
				PRODUCT_BUNDLE_IDENTIFIER = com.azi.temporary;
				PRODUCT_NAME = "$(TARGET_NAME)";
				PROVISIONING_PROFILE_SPECIFIER = aziTemporary_ad_pro;
				SWIFT_VERSION = 5.0;
				TARGETED_DEVICE_FAMILY = "1,2";
				TEST_TARGET_NAME = iOSCICD;
			};
			name = Release;
		};
		D6516B0F262447390048B6BB /* Debug */ = {
			isa = XCBuildConfiguration;
			buildSettings = {
				BUNDLE_LOADER = "$(TEST_HOST)";
				CODE_SIGN_IDENTITY = "iPhone Developer: Trung Pham (82VHC4VM4N)";
				CODE_SIGN_STYLE = Manual;
				DEVELOPMENT_TEAM = 4XB4SZ6RM3;
				INFOPLIST_FILE = iOSCICDTests/Info.plist;
				IPHONEOS_DEPLOYMENT_TARGET = 13.2;
				LD_RUNPATH_SEARCH_PATHS = (
					"$(inherited)",
					"@executable_path/Frameworks",
					"@loader_path/Frameworks",
				);
				PRODUCT_BUNDLE_IDENTIFIER = com.azi.temporary;
				PRODUCT_NAME = "$(TARGET_NAME)";
				PROVISIONING_PROFILE_SPECIFIER = aziTemporary_dev_pro;
				"PROVISIONING_PROFILE_SPECIFIER[sdk=macosx*]" = aziTemporary_dev_pro;
				SWIFT_VERSION = 5.0;
				TARGETED_DEVICE_FAMILY = "1,2";
				TEST_HOST = "$(BUILT_PRODUCTS_DIR)/iOSCICD.app/iOSCICD";
			};
			name = Debug;
		};
		D6516B10262447390048B6BB /* Release */ = {
			isa = XCBuildConfiguration;
			buildSettings = {
				BUNDLE_LOADER = "$(TEST_HOST)";
				CODE_SIGN_IDENTITY = "iPhone Distribution: HAPPY ALL SERVICES COMPANY LIMITED (4XB4SZ6RM3)";
				CODE_SIGN_STYLE = Manual;
				DEVELOPMENT_TEAM = 4XB4SZ6RM3;
				INFOPLIST_FILE = iOSCICDTests/Info.plist;
				IPHONEOS_DEPLOYMENT_TARGET = 13.2;
				LD_RUNPATH_SEARCH_PATHS = (
					"$(inherited)",
					"@executable_path/Frameworks",
					"@loader_path/Frameworks",
				);
				PRODUCT_BUNDLE_IDENTIFIER = com.azi.temporary;
				PRODUCT_NAME = "$(TARGET_NAME)";
				PROVISIONING_PROFILE_SPECIFIER = aziTemporary_ad_pro;
				"PROVISIONING_PROFILE_SPECIFIER[sdk=macosx*]" = aziTemporary_ad_pro;
				SWIFT_VERSION = 5.0;
				TARGETED_DEVICE_FAMILY = "1,2";
				TEST_HOST = "$(BUILT_PRODUCTS_DIR)/iOSCICD.app/iOSCICD";
			};
			name = Release;
		};
		D6B0A796261DB8A600738CAD /* Debug */ = {
			isa = XCBuildConfiguration;
			buildSettings = {
				ALWAYS_SEARCH_USER_PATHS = NO;
				CLANG_ANALYZER_NONNULL = YES;
				CLANG_ANALYZER_NUMBER_OBJECT_CONVERSION = YES_AGGRESSIVE;
				CLANG_CXX_LANGUAGE_STANDARD = "gnu++14";
				CLANG_CXX_LIBRARY = "libc++";
				CLANG_ENABLE_MODULES = YES;
				CLANG_ENABLE_OBJC_ARC = YES;
				CLANG_ENABLE_OBJC_WEAK = YES;
				CLANG_WARN_BLOCK_CAPTURE_AUTORELEASING = YES;
				CLANG_WARN_BOOL_CONVERSION = YES;
				CLANG_WARN_COMMA = YES;
				CLANG_WARN_CONSTANT_CONVERSION = YES;
				CLANG_WARN_DEPRECATED_OBJC_IMPLEMENTATIONS = YES;
				CLANG_WARN_DIRECT_OBJC_ISA_USAGE = YES_ERROR;
				CLANG_WARN_DOCUMENTATION_COMMENTS = YES;
				CLANG_WARN_EMPTY_BODY = YES;
				CLANG_WARN_ENUM_CONVERSION = YES;
				CLANG_WARN_INFINITE_RECURSION = YES;
				CLANG_WARN_INT_CONVERSION = YES;
				CLANG_WARN_NON_LITERAL_NULL_CONVERSION = YES;
				CLANG_WARN_OBJC_IMPLICIT_RETAIN_SELF = YES;
				CLANG_WARN_OBJC_LITERAL_CONVERSION = YES;
				CLANG_WARN_OBJC_ROOT_CLASS = YES_ERROR;
				CLANG_WARN_RANGE_LOOP_ANALYSIS = YES;
				CLANG_WARN_STRICT_PROTOTYPES = YES;
				CLANG_WARN_SUSPICIOUS_MOVE = YES;
				CLANG_WARN_UNGUARDED_AVAILABILITY = YES_AGGRESSIVE;
				CLANG_WARN_UNREACHABLE_CODE = YES;
				CLANG_WARN__DUPLICATE_METHOD_MATCH = YES;
				COPY_PHASE_STRIP = NO;
				DEBUG_INFORMATION_FORMAT = dwarf;
				ENABLE_STRICT_OBJC_MSGSEND = YES;
				ENABLE_TESTABILITY = YES;
				GCC_C_LANGUAGE_STANDARD = gnu11;
				GCC_DYNAMIC_NO_PIC = NO;
				GCC_NO_COMMON_BLOCKS = YES;
				GCC_OPTIMIZATION_LEVEL = 0;
				GCC_PREPROCESSOR_DEFINITIONS = (
					"DEBUG=1",
					"$(inherited)",
				);
				GCC_WARN_64_TO_32_BIT_CONVERSION = YES;
				GCC_WARN_ABOUT_RETURN_TYPE = YES_ERROR;
				GCC_WARN_UNDECLARED_SELECTOR = YES;
				GCC_WARN_UNINITIALIZED_AUTOS = YES_AGGRESSIVE;
				GCC_WARN_UNUSED_FUNCTION = YES;
				GCC_WARN_UNUSED_VARIABLE = YES;
				IPHONEOS_DEPLOYMENT_TARGET = 11.0;
				MTL_ENABLE_DEBUG_INFO = INCLUDE_SOURCE;
				MTL_FAST_MATH = YES;
				ONLY_ACTIVE_ARCH = YES;
				SDKROOT = iphoneos;
				SWIFT_ACTIVE_COMPILATION_CONDITIONS = DEBUG;
				SWIFT_OPTIMIZATION_LEVEL = "-Onone";
			};
			name = Debug;
		};
		D6B0A797261DB8A600738CAD /* Release */ = {
			isa = XCBuildConfiguration;
			buildSettings = {
				ALWAYS_SEARCH_USER_PATHS = NO;
				CLANG_ANALYZER_NONNULL = YES;
				CLANG_ANALYZER_NUMBER_OBJECT_CONVERSION = YES_AGGRESSIVE;
				CLANG_CXX_LANGUAGE_STANDARD = "gnu++14";
				CLANG_CXX_LIBRARY = "libc++";
				CLANG_ENABLE_MODULES = YES;
				CLANG_ENABLE_OBJC_ARC = YES;
				CLANG_ENABLE_OBJC_WEAK = YES;
				CLANG_WARN_BLOCK_CAPTURE_AUTORELEASING = YES;
				CLANG_WARN_BOOL_CONVERSION = YES;
				CLANG_WARN_COMMA = YES;
				CLANG_WARN_CONSTANT_CONVERSION = YES;
				CLANG_WARN_DEPRECATED_OBJC_IMPLEMENTATIONS = YES;
				CLANG_WARN_DIRECT_OBJC_ISA_USAGE = YES_ERROR;
				CLANG_WARN_DOCUMENTATION_COMMENTS = YES;
				CLANG_WARN_EMPTY_BODY = YES;
				CLANG_WARN_ENUM_CONVERSION = YES;
				CLANG_WARN_INFINITE_RECURSION = YES;
				CLANG_WARN_INT_CONVERSION = YES;
				CLANG_WARN_NON_LITERAL_NULL_CONVERSION = YES;
				CLANG_WARN_OBJC_IMPLICIT_RETAIN_SELF = YES;
				CLANG_WARN_OBJC_LITERAL_CONVERSION = YES;
				CLANG_WARN_OBJC_ROOT_CLASS = YES_ERROR;
				CLANG_WARN_RANGE_LOOP_ANALYSIS = YES;
				CLANG_WARN_STRICT_PROTOTYPES = YES;
				CLANG_WARN_SUSPICIOUS_MOVE = YES;
				CLANG_WARN_UNGUARDED_AVAILABILITY = YES_AGGRESSIVE;
				CLANG_WARN_UNREACHABLE_CODE = YES;
				CLANG_WARN__DUPLICATE_METHOD_MATCH = YES;
				COPY_PHASE_STRIP = NO;
				DEBUG_INFORMATION_FORMAT = "dwarf-with-dsym";
				ENABLE_NS_ASSERTIONS = NO;
				ENABLE_STRICT_OBJC_MSGSEND = YES;
				GCC_C_LANGUAGE_STANDARD = gnu11;
				GCC_NO_COMMON_BLOCKS = YES;
				GCC_WARN_64_TO_32_BIT_CONVERSION = YES;
				GCC_WARN_ABOUT_RETURN_TYPE = YES_ERROR;
				GCC_WARN_UNDECLARED_SELECTOR = YES;
				GCC_WARN_UNINITIALIZED_AUTOS = YES_AGGRESSIVE;
				GCC_WARN_UNUSED_FUNCTION = YES;
				GCC_WARN_UNUSED_VARIABLE = YES;
				IPHONEOS_DEPLOYMENT_TARGET = 11.0;
				MTL_ENABLE_DEBUG_INFO = NO;
				MTL_FAST_MATH = YES;
				SDKROOT = iphoneos;
				SWIFT_COMPILATION_MODE = wholemodule;
				SWIFT_OPTIMIZATION_LEVEL = "-O";
				VALIDATE_PRODUCT = YES;
			};
			name = Release;
		};
		D6B0A799261DB8A600738CAD /* Debug */ = {
			isa = XCBuildConfiguration;
			baseConfigurationReference = B4FEA592A575383263B2041A /* Pods-iOSCICD.debug.xcconfig */;
			buildSettings = {
				ASSETCATALOG_COMPILER_APPICON_NAME = AppIcon;
				CODE_SIGN_IDENTITY = "iPhone Developer: Trung Pham (82VHC4VM4N)";
				CODE_SIGN_STYLE = Manual;
				DEVELOPMENT_TEAM = 4XB4SZ6RM3;
				INFOPLIST_FILE = iOSCICD/Info.plist;
				LD_RUNPATH_SEARCH_PATHS = (
					"$(inherited)",
					"@executable_path/Frameworks",
				);
				OTHER_SWIFT_FLAGS = "$(inherited) -D $(TARGET_NAME) -Xfrontend -warn-long-function-bodies=100 -Xfrontend -warn-long-expression-type-checking=100 -Onone";
				PRODUCT_BUNDLE_IDENTIFIER = com.azi.temporary;
				PRODUCT_NAME = "$(TARGET_NAME)";
				PROVISIONING_PROFILE_SPECIFIER = aziTemporary_dev_pro;
				SWIFT_VERSION = 5.0;
				TARGETED_DEVICE_FAMILY = "1,2";
			};
			name = Debug;
		};
		D6B0A79A261DB8A600738CAD /* Release */ = {
			isa = XCBuildConfiguration;
			baseConfigurationReference = 918A52EF39DF7804C4C72CFE /* Pods-iOSCICD.release.xcconfig */;
			buildSettings = {
				ASSETCATALOG_COMPILER_APPICON_NAME = AppIcon;
				CODE_SIGN_IDENTITY = "iPhone Distribution: HAPPY ALL SERVICES COMPANY LIMITED (4XB4SZ6RM3)";
				CODE_SIGN_STYLE = Manual;
				DEVELOPMENT_TEAM = 4XB4SZ6RM3;
				INFOPLIST_FILE = iOSCICD/Info.plist;
				LD_RUNPATH_SEARCH_PATHS = (
					"$(inherited)",
					"@executable_path/Frameworks",
				);
				OTHER_SWIFT_FLAGS = "$(inherited) -D $(TARGET_NAME) -Xfrontend -warn-long-function-bodies=100 -Xfrontend -warn-long-expression-type-checking=100 -Onone";
				PRODUCT_BUNDLE_IDENTIFIER = com.azi.temporary;
				PRODUCT_NAME = "$(TARGET_NAME)";
				PROVISIONING_PROFILE_SPECIFIER = aziTemporary_ad_pro;
				SWIFT_VERSION = 5.0;
				TARGETED_DEVICE_FAMILY = "1,2";
			};
			name = Release;
		};
/* End XCBuildConfiguration section */

/* Begin XCConfigurationList section */
		D6516B022624472B0048B6BB /* Build configuration list for PBXNativeTarget "iOSCICDUITests" */ = {
			isa = XCConfigurationList;
			buildConfigurations = (
				D6516B002624472B0048B6BB /* Debug */,
				D6516B012624472B0048B6BB /* Release */,
			);
			defaultConfigurationIsVisible = 0;
			defaultConfigurationName = Release;
		};
		D6516B0E262447390048B6BB /* Build configuration list for PBXNativeTarget "iOSCICDTests" */ = {
			isa = XCConfigurationList;
			buildConfigurations = (
				D6516B0F262447390048B6BB /* Debug */,
				D6516B10262447390048B6BB /* Release */,
			);
			defaultConfigurationIsVisible = 0;
			defaultConfigurationName = Release;
		};
		D6B0A77F261DB8A500738CAD /* Build configuration list for PBXProject "iOSCICD" */ = {
			isa = XCConfigurationList;
			buildConfigurations = (
				D6B0A796261DB8A600738CAD /* Debug */,
				D6B0A797261DB8A600738CAD /* Release */,
			);
			defaultConfigurationIsVisible = 0;
			defaultConfigurationName = Release;
		};
		D6B0A798261DB8A600738CAD /* Build configuration list for PBXNativeTarget "iOSCICD" */ = {
			isa = XCConfigurationList;
			buildConfigurations = (
				D6B0A799261DB8A600738CAD /* Debug */,
				D6B0A79A261DB8A600738CAD /* Release */,
			);
			defaultConfigurationIsVisible = 0;
			defaultConfigurationName = Release;
		};
/* End XCConfigurationList section */
	};
	rootObject = D6B0A77C261DB8A500738CAD /* Project object */;
}
